
Microsoft Visual Studio Solution File, Format Version 12.00
# Visual Studio 15
Project("{FAE04EC0-301F-11D3-BF4B-00C04F79EFBC}") = "Assembly-CSharp", "Assembly-CSharp.csproj", "{A9B7E8DE-153B-7C25-D5EE-10D1179D37CD}"
EndProject
Project("{FAE04EC0-301F-11D3-BF4B-00C04F79EFBC}") = "Oculus.VR", "Oculus.VR.csproj", "{6BEDE82C-E8B3-EFB7-857C-0D78A56472F7}"
EndProject
Project("{FAE04EC0-301F-11D3-BF4B-00C04F79EFBC}") = "Assembly-CSharp-Editor", "Assembly-CSharp-Editor.csproj", "{DD1EA54E-A459-32E2-C7D7-4A8C0D4B8E64}"
EndProject
Project("{FAE04EC0-301F-11D3-BF4B-00C04F79EFBC}") = "Oculus.VR.Scripts.Editor", "Oculus.VR.Scripts.Editor.csproj", "{52328996-4FBF-4567-3560-D3304B5BE46E}"
EndProject
Project("{FAE04EC0-301F-11D3-BF4B-00C04F79EFBC}") = "Oculus.VR.Editor", "Oculus.VR.Editor.csproj", "{791DBC67-1CC5-0618-B355-DCAA9FD3ABB8}"
EndProject
Global
	GlobalSection(SolutionConfigurationPlatforms) = preSolution
		Debug|Any CPU = Debug|Any CPU
		Release|Any CPU = Release|Any CPU
	EndGlobalSection
	GlobalSection(ProjectConfigurationPlatforms) = postSolution
		{A9B7E8DE-153B-7C25-D5EE-10D1179D37CD}.Debug|Any CPU.ActiveCfg = Debug|Any CPU
		{A9B7E8DE-153B-7C25-D5EE-10D1179D37CD}.Debug|Any CPU.Build.0 = Debug|Any CPU
		{A9B7E8DE-153B-7C25-D5EE-10D1179D37CD}.Release|Any CPU.ActiveCfg = Release|Any CPU
		{A9B7E8DE-153B-7C25-D5EE-10D1179D37CD}.Release|Any CPU.Build.0 = Release|Any CPU
		{6BEDE82C-E8B3-EFB7-857C-0D78A56472F7}.Debug|Any CPU.ActiveCfg = Debug|Any CPU
		{6BEDE82C-E8B3-EFB7-857C-0D78A56472F7}.Debug|Any CPU.Build.0 = Debug|Any CPU
		{6BEDE82C-E8B3-EFB7-857C-0D78A56472F7}.Release|Any CPU.ActiveCfg = Release|Any CPU
		{6BEDE82C-E8B3-EFB7-857C-0D78A56472F7}.Release|Any CPU.Build.0 = Release|Any CPU
		{DD1EA54E-A459-32E2-C7D7-4A8C0D4B8E64}.Debug|Any CPU.ActiveCfg = Debug|Any CPU
		{DD1EA54E-A459-32E2-C7D7-4A8C0D4B8E64}.Debug|Any CPU.Build.0 = Debug|Any CPU
		{DD1EA54E-A459-32E2-C7D7-4A8C0D4B8E64}.Release|Any CPU.ActiveCfg = Release|Any CPU
		{DD1EA54E-A459-32E2-C7D7-4A8C0D4B8E64}.Release|Any CPU.Build.0 = Release|Any CPU
		{52328996-4FBF-4567-3560-D3304B5BE46E}.Debug|Any CPU.ActiveCfg = Debug|Any CPU
		{52328996-4FBF-4567-3560-D3304B5BE46E}.Debug|Any CPU.Build.0 = Debug|Any CPU
		{52328996-4FBF-4567-3560-D3304B5BE46E}.Release|Any CPU.ActiveCfg = Release|Any CPU
		{52328996-4FBF-4567-3560-D3304B5BE46E}.Release|Any CPU.Build.0 = Release|Any CPU
		{791DBC67-1CC5-0618-B355-DCAA9FD3ABB8}.Debug|Any CPU.ActiveCfg = Debug|Any CPU
		{791DBC67-1CC5-0618-B355-DCAA9FD3ABB8}.Debug|Any CPU.Build.0 = Debug|Any CPU
		{791DBC67-1CC5-0618-B355-DCAA9FD3ABB8}.Release|Any CPU.ActiveCfg = Release|Any CPU
		{791DBC67-1CC5-0618-B355-DCAA9FD3ABB8}.Release|Any CPU.Build.0 = Release|Any CPU
	EndGlobalSection
	GlobalSection(SolutionProperties) = preSolution
		HideSolutionNode = FALSE
	EndGlobalSection
EndGlobal
